// !$*UTF8*$!
{
	archiveVersion = 1;
	classes = {
	};
	objectVersion = 46;
	objects = {

/* Begin PBXBuildFile section */
		9E719F5A1D3C678A00489E37 /* main.m in Sources */ = {isa = PBXBuildFile; fileRef = 9E719F591D3C678A00489E37 /* main.m */; };
		9E719F5D1D3C678A00489E37 /* AppDelegate.m in Sources */ = {isa = PBXBuildFile; fileRef = 9E719F5C1D3C678A00489E37 /* AppDelegate.m */; };
		9E719F601D3C678A00489E37 /* ViewController.m in Sources */ = {isa = PBXBuildFile; fileRef = 9E719F5F1D3C678A00489E37 /* ViewController.m */; };
		9E719F631D3C678A00489E37 /* Main.storyboard in Resources */ = {isa = PBXBuildFile; fileRef = 9E719F611D3C678A00489E37 /* Main.storyboard */; };
		9E719F661D3C678A00489E37 /* GoScanner.xcdatamodeld in Sources */ = {isa = PBXBuildFile; fileRef = 9E719F641D3C678A00489E37 /* GoScanner.xcdatamodeld */; };
		9E719F681D3C678A00489E37 /* Assets.xcassets in Resources */ = {isa = PBXBuildFile; fileRef = 9E719F671D3C678A00489E37 /* Assets.xcassets */; };
		9E719F6B1D3C678A00489E37 /* LaunchScreen.storyboard in Resources */ = {isa = PBXBuildFile; fileRef = 9E719F691D3C678A00489E37 /* LaunchScreen.storyboard */; };
		9E719F731D3DE8A100489E37 /* CoreLocation.framework in Frameworks */ = {isa = PBXBuildFile; fileRef = 9E719F721D3DE8A100489E37 /* CoreLocation.framework */; };
		9E719F751D3DE8A900489E37 /* MapKit.framework in Frameworks */ = {isa = PBXBuildFile; fileRef = 9E719F741D3DE8A900489E37 /* MapKit.framework */; };
		9E719F781D407E9A00489E37 /* SearchViewController.m in Sources */ = {isa = PBXBuildFile; fileRef = 9E719F771D407E9A00489E37 /* SearchViewController.m */; };
		9E719F8A1D40810000489E37 /* angry_birds_cake.jpg in Resources */ = {isa = PBXBuildFile; fileRef = 9E719F791D40810000489E37 /* angry_birds_cake.jpg */; };
		9E719F8B1D40810000489E37 /* creme_brelee.jpg in Resources */ = {isa = PBXBuildFile; fileRef = 9E719F7A1D40810000489E37 /* creme_brelee.jpg */; };
		9E719F8C1D40810000489E37 /* egg_benedict.jpg in Resources */ = {isa = PBXBuildFile; fileRef = 9E719F7B1D40810000489E37 /* egg_benedict.jpg */; };
		9E719F8D1D40810000489E37 /* full_breakfast.jpg in Resources */ = {isa = PBXBuildFile; fileRef = 9E719F7C1D40810000489E37 /* full_breakfast.jpg */; };
		9E719F8E1D40810000489E37 /* green_tea.jpg in Resources */ = {isa = PBXBuildFile; fileRef = 9E719F7D1D40810000489E37 /* green_tea.jpg */; };
		9E719F8F1D40810000489E37 /* ham_and_cheese_panini.jpg in Resources */ = {isa = PBXBuildFile; fileRef = 9E719F7E1D40810000489E37 /* ham_and_cheese_panini.jpg */; };
		9E719F901D40810000489E37 /* ham_and_egg_sandwich.jpg in Resources */ = {isa = PBXBuildFile; fileRef = 9E719F7F1D40810000489E37 /* ham_and_egg_sandwich.jpg */; };
		9E719F911D40810000489E37 /* hamburger.jpg in Resources */ = {isa = PBXBuildFile; fileRef = 9E719F801D40810000489E37 /* hamburger.jpg */; };
		9E719F921D40810000489E37 /* instant_noodle_with_egg.jpg in Resources */ = {isa = PBXBuildFile; fileRef = 9E719F811D40810000489E37 /* instant_noodle_with_egg.jpg */; };
		9E719F931D40810000489E37 /* japanese_noodle_with_pork.jpg in Resources */ = {isa = PBXBuildFile; fileRef = 9E719F821D40810000489E37 /* japanese_noodle_with_pork.jpg */; };
		9E719F941D40810000489E37 /* mushroom_risotto.jpg in Resources */ = {isa = PBXBuildFile; fileRef = 9E719F831D40810000489E37 /* mushroom_risotto.jpg */; };
		9E719F951D40810000489E37 /* noodle_with_bbq_pork.jpg in Resources */ = {isa = PBXBuildFile; fileRef = 9E719F841D40810000489E37 /* noodle_with_bbq_pork.jpg */; };
		9E719F961D40810000489E37 /* photo-frame.png in Resources */ = {isa = PBXBuildFile; fileRef = 9E719F851D40810000489E37 /* photo-frame.png */; };
		9E719F971D40810000489E37 /* starbucks_coffee.jpg in Resources */ = {isa = PBXBuildFile; fileRef = 9E719F861D40810000489E37 /* starbucks_coffee.jpg */; };
		9E719F981D40810000489E37 /* thai_shrimp_cake.jpg in Resources */ = {isa = PBXBuildFile; fileRef = 9E719F871D40810000489E37 /* thai_shrimp_cake.jpg */; };
		9E719F991D40810000489E37 /* vegetable_curry.jpg in Resources */ = {isa = PBXBuildFile; fileRef = 9E719F881D40810000489E37 /* vegetable_curry.jpg */; };
		9E719F9A1D40810000489E37 /* white_chocolate_donut.jpg in Resources */ = {isa = PBXBuildFile; fileRef = 9E719F891D40810000489E37 /* white_chocolate_donut.jpg */; };
/* End PBXBuildFile section */

/* Begin PBXFileReference section */
		9E719F551D3C678900489E37 /* GoScanner.app */ = {isa = PBXFileReference; explicitFileType = wrapper.application; includeInIndex = 0; path = GoScanner.app; sourceTree = BUILT_PRODUCTS_DIR; };
		9E719F591D3C678A00489E37 /* main.m */ = {isa = PBXFileReference; lastKnownFileType = sourcecode.c.objc; path = main.m; sourceTree = "<group>"; };
		9E719F5B1D3C678A00489E37 /* AppDelegate.h */ = {isa = PBXFileReference; lastKnownFileType = sourcecode.c.h; path = AppDelegate.h; sourceTree = "<group>"; };
		9E719F5C1D3C678A00489E37 /* AppDelegate.m */ = {isa = PBXFileReference; lastKnownFileType = sourcecode.c.objc; path = AppDelegate.m; sourceTree = "<group>"; };
		9E719F5E1D3C678A00489E37 /* ViewController.h */ = {isa = PBXFileReference; lastKnownFileType = sourcecode.c.h; path = ViewController.h; sourceTree = "<group>"; };
		9E719F5F1D3C678A00489E37 /* ViewController.m */ = {isa = PBXFileReference; lastKnownFileType = sourcecode.c.objc; path = ViewController.m; sourceTree = "<group>"; };
		9E719F621D3C678A00489E37 /* Base */ = {isa = PBXFileReference; lastKnownFileType = file.storyboard; name = Base; path = Base.lproj/Main.storyboard; sourceTree = "<group>"; };
		9E719F651D3C678A00489E37 /* GoScanner.xcdatamodel */ = {isa = PBXFileReference; lastKnownFileType = wrapper.xcdatamodel; path = GoScanner.xcdatamodel; sourceTree = "<group>"; };
		9E719F671D3C678A00489E37 /* Assets.xcassets */ = {isa = PBXFileReference; lastKnownFileType = folder.assetcatalog; path = Assets.xcassets; sourceTree = "<group>"; };
		9E719F6A1D3C678A00489E37 /* Base */ = {isa = PBXFileReference; lastKnownFileType = file.storyboard; name = Base; path = Base.lproj/LaunchScreen.storyboard; sourceTree = "<group>"; };
		9E719F6C1D3C678A00489E37 /* Info.plist */ = {isa = PBXFileReference; lastKnownFileType = text.plist.xml; path = Info.plist; sourceTree = "<group>"; };
		9E719F721D3DE8A100489E37 /* CoreLocation.framework */ = {isa = PBXFileReference; lastKnownFileType = wrapper.framework; name = CoreLocation.framework; path = System/Library/Frameworks/CoreLocation.framework; sourceTree = SDKROOT; };
		9E719F741D3DE8A900489E37 /* MapKit.framework */ = {isa = PBXFileReference; lastKnownFileType = wrapper.framework; name = MapKit.framework; path = System/Library/Frameworks/MapKit.framework; sourceTree = SDKROOT; };
		9E719F761D407E9A00489E37 /* SearchViewController.h */ = {isa = PBXFileReference; fileEncoding = 4; lastKnownFileType = sourcecode.c.h; path = SearchViewController.h; sourceTree = "<group>"; };
		9E719F771D407E9A00489E37 /* SearchViewController.m */ = {isa = PBXFileReference; fileEncoding = 4; lastKnownFileType = sourcecode.c.objc; path = SearchViewController.m; sourceTree = "<group>"; };
		9E719F791D40810000489E37 /* angry_birds_cake.jpg */ = {isa = PBXFileReference; lastKnownFileType = image.jpeg; name = angry_birds_cake.jpg; path = ../../../Downloads/RecipePhotoImagePack/angry_birds_cake.jpg; sourceTree = "<group>"; };
		9E719F7A1D40810000489E37 /* creme_brelee.jpg */ = {isa = PBXFileReference; lastKnownFileType = image.jpeg; name = creme_brelee.jpg; path = ../../../Downloads/RecipePhotoImagePack/creme_brelee.jpg; sourceTree = "<group>"; };
		9E719F7B1D40810000489E37 /* egg_benedict.jpg */ = {isa = PBXFileReference; lastKnownFileType = image.jpeg; name = egg_benedict.jpg; path = ../../../Downloads/RecipePhotoImagePack/egg_benedict.jpg; sourceTree = "<group>"; };
		9E719F7C1D40810000489E37 /* full_breakfast.jpg */ = {isa = PBXFileReference; lastKnownFileType = image.jpeg; name = full_breakfast.jpg; path = ../../../Downloads/RecipePhotoImagePack/full_breakfast.jpg; sourceTree = "<group>"; };
		9E719F7D1D40810000489E37 /* green_tea.jpg */ = {isa = PBXFileReference; lastKnownFileType = image.jpeg; name = green_tea.jpg; path = ../../../Downloads/RecipePhotoImagePack/green_tea.jpg; sourceTree = "<group>"; };
		9E719F7E1D40810000489E37 /* ham_and_cheese_panini.jpg */ = {isa = PBXFileReference; lastKnownFileType = image.jpeg; name = ham_and_cheese_panini.jpg; path = ../../../Downloads/RecipePhotoImagePack/ham_and_cheese_panini.jpg; sourceTree = "<group>"; };
		9E719F7F1D40810000489E37 /* ham_and_egg_sandwich.jpg */ = {isa = PBXFileReference; lastKnownFileType = image.jpeg; name = ham_and_egg_sandwich.jpg; path = ../../../Downloads/RecipePhotoImagePack/ham_and_egg_sandwich.jpg; sourceTree = "<group>"; };
		9E719F801D40810000489E37 /* hamburger.jpg */ = {isa = PBXFileReference; lastKnownFileType = image.jpeg; name = hamburger.jpg; path = ../../../Downloads/RecipePhotoImagePack/hamburger.jpg; sourceTree = "<group>"; };
		9E719F811D40810000489E37 /* instant_noodle_with_egg.jpg */ = {isa = PBXFileReference; lastKnownFileType = image.jpeg; name = instant_noodle_with_egg.jpg; path = ../../../Downloads/RecipePhotoImagePack/instant_noodle_with_egg.jpg; sourceTree = "<group>"; };
		9E719F821D40810000489E37 /* japanese_noodle_with_pork.jpg */ = {isa = PBXFileReference; lastKnownFileType = image.jpeg; name = japanese_noodle_with_pork.jpg; path = ../../../Downloads/RecipePhotoImagePack/japanese_noodle_with_pork.jpg; sourceTree = "<group>"; };
		9E719F831D40810000489E37 /* mushroom_risotto.jpg */ = {isa = PBXFileReference; lastKnownFileType = image.jpeg; name = mushroom_risotto.jpg; path = ../../../Downloads/RecipePhotoImagePack/mushroom_risotto.jpg; sourceTree = "<group>"; };
		9E719F841D40810000489E37 /* noodle_with_bbq_pork.jpg */ = {isa = PBXFileReference; lastKnownFileType = image.jpeg; name = noodle_with_bbq_pork.jpg; path = ../../../Downloads/RecipePhotoImagePack/noodle_with_bbq_pork.jpg; sourceTree = "<group>"; };
		9E719F851D40810000489E37 /* photo-frame.png */ = {isa = PBXFileReference; lastKnownFileType = image.png; name = "photo-frame.png"; path = "../../../Downloads/RecipePhotoImagePack/photo-frame.png"; sourceTree = "<group>"; };
		9E719F861D40810000489E37 /* starbucks_coffee.jpg */ = {isa = PBXFileReference; lastKnownFileType = image.jpeg; name = starbucks_coffee.jpg; path = ../../../Downloads/RecipePhotoImagePack/starbucks_coffee.jpg; sourceTree = "<group>"; };
		9E719F871D40810000489E37 /* thai_shrimp_cake.jpg */ = {isa = PBXFileReference; lastKnownFileType = image.jpeg; name = thai_shrimp_cake.jpg; path = ../../../Downloads/RecipePhotoImagePack/thai_shrimp_cake.jpg; sourceTree = "<group>"; };
		9E719F881D40810000489E37 /* vegetable_curry.jpg */ = {isa = PBXFileReference; lastKnownFileType = image.jpeg; name = vegetable_curry.jpg; path = ../../../Downloads/RecipePhotoImagePack/vegetable_curry.jpg; sourceTree = "<group>"; };
		9E719F891D40810000489E37 /* white_chocolate_donut.jpg */ = {isa = PBXFileReference; lastKnownFileType = image.jpeg; name = white_chocolate_donut.jpg; path = ../../../Downloads/RecipePhotoImagePack/white_chocolate_donut.jpg; sourceTree = "<group>"; };
/* End PBXFileReference section */

/* Begin PBXFrameworksBuildPhase section */
		9E719F521D3C678900489E37 /* Frameworks */ = {
			isa = PBXFrameworksBuildPhase;
			buildActionMask = 2147483647;
			files = (
				9E719F751D3DE8A900489E37 /* MapKit.framework in Frameworks */,
				9E719F731D3DE8A100489E37 /* CoreLocation.framework in Frameworks */,
			);
			runOnlyForDeploymentPostprocessing = 0;
		};
/* End PBXFrameworksBuildPhase section */

/* Begin PBXGroup section */
		9E719F4C1D3C678900489E37 = {
			isa = PBXGroup;
			children = (
				9E719F741D3DE8A900489E37 /* MapKit.framework */,
				9E719F721D3DE8A100489E37 /* CoreLocation.framework */,
				9E719F571D3C678A00489E37 /* GoScanner */,
				9E719F561D3C678900489E37 /* Products */,
			);
			sourceTree = "<group>";
		};
		9E719F561D3C678900489E37 /* Products */ = {
			isa = PBXGroup;
			children = (
				9E719F551D3C678900489E37 /* GoScanner.app */,
			);
			name = Products;
			sourceTree = "<group>";
		};
		9E719F571D3C678A00489E37 /* GoScanner */ = {
			isa = PBXGroup;
			children = (
				9E719F791D40810000489E37 /* angry_birds_cake.jpg */,
				9E719F7A1D40810000489E37 /* creme_brelee.jpg */,
				9E719F7B1D40810000489E37 /* egg_benedict.jpg */,
				9E719F7C1D40810000489E37 /* full_breakfast.jpg */,
				9E719F7D1D40810000489E37 /* green_tea.jpg */,
				9E719F7E1D40810000489E37 /* ham_and_cheese_panini.jpg */,
				9E719F7F1D40810000489E37 /* ham_and_egg_sandwich.jpg */,
				9E719F801D40810000489E37 /* hamburger.jpg */,
				9E719F811D40810000489E37 /* instant_noodle_with_egg.jpg */,
				9E719F821D40810000489E37 /* japanese_noodle_with_pork.jpg */,
				9E719F831D40810000489E37 /* mushroom_risotto.jpg */,
				9E719F841D40810000489E37 /* noodle_with_bbq_pork.jpg */,
				9E719F851D40810000489E37 /* photo-frame.png */,
				9E719F861D40810000489E37 /* starbucks_coffee.jpg */,
				9E719F871D40810000489E37 /* thai_shrimp_cake.jpg */,
				9E719F881D40810000489E37 /* vegetable_curry.jpg */,
				9E719F891D40810000489E37 /* white_chocolate_donut.jpg */,
				9E719F5B1D3C678A00489E37 /* AppDelegate.h */,
				9E719F5C1D3C678A00489E37 /* AppDelegate.m */,
				9E719F5E1D3C678A00489E37 /* ViewController.h */,
				9E719F5F1D3C678A00489E37 /* ViewController.m */,
				9E719F611D3C678A00489E37 /* Main.storyboard */,
				9E719F761D407E9A00489E37 /* SearchViewController.h */,
				9E719F771D407E9A00489E37 /* SearchViewController.m */,
				9E719F671D3C678A00489E37 /* Assets.xcassets */,
				9E719F691D3C678A00489E37 /* LaunchScreen.storyboard */,
				9E719F6C1D3C678A00489E37 /* Info.plist */,
				9E719F641D3C678A00489E37 /* GoScanner.xcdatamodeld */,
				9E719F581D3C678A00489E37 /* Supporting Files */,
			);
			path = GoScanner;
			sourceTree = "<group>";
		};
		9E719F581D3C678A00489E37 /* Supporting Files */ = {
			isa = PBXGroup;
			children = (
				9E719F591D3C678A00489E37 /* main.m */,
			);
			name = "Supporting Files";
			sourceTree = "<group>";
		};
/* End PBXGroup section */

/* Begin PBXNativeTarget section */
		9E719F541D3C678900489E37 /* GoScanner */ = {
			isa = PBXNativeTarget;
			buildConfigurationList = 9E719F6F1D3C678A00489E37 /* Build configuration list for PBXNativeTarget "GoScanner" */;
			buildPhases = (
				9E719F511D3C678900489E37 /* Sources */,
				9E719F521D3C678900489E37 /* Frameworks */,
				9E719F531D3C678900489E37 /* Resources */,
			);
			buildRules = (
			);
			dependencies = (
			);
			name = GoScanner;
			productName = GoScanner;
			productReference = 9E719F551D3C678900489E37 /* GoScanner.app */;
			productType = "com.apple.product-type.application";
		};
/* End PBXNativeTarget section */

/* Begin PBXProject section */
		9E719F4D1D3C678900489E37 /* Project object */ = {
			isa = PBXProject;
			attributes = {
				LastUpgradeCheck = 0730;
				ORGANIZATIONNAME = Gargium;
				TargetAttributes = {
					9E719F541D3C678900489E37 = {
						CreatedOnToolsVersion = 7.3.1;
						DevelopmentTeam = 9M754U69EH;
					};
				};
			};
			buildConfigurationList = 9E719F501D3C678900489E37 /* Build configuration list for PBXProject "GoScanner" */;
			compatibilityVersion = "Xcode 3.2";
			developmentRegion = English;
			hasScannedForEncodings = 0;
			knownRegions = (
				en,
				Base,
			);
			mainGroup = 9E719F4C1D3C678900489E37;
			productRefGroup = 9E719F561D3C678900489E37 /* Products */;
			projectDirPath = "";
			projectRoot = "";
			targets = (
				9E719F541D3C678900489E37 /* GoScanner */,
			);
		};
/* End PBXProject section */

/* Begin PBXResourcesBuildPhase section */
		9E719F531D3C678900489E37 /* Resources */ = {
			isa = PBXResourcesBuildPhase;
			buildActionMask = 2147483647;
			files = (
				9E719F8D1D40810000489E37 /* full_breakfast.jpg in Resources */,
				9E719F6B1D3C678A00489E37 /* LaunchScreen.storyboard in Resources */,
				9E719F8B1D40810000489E37 /* creme_brelee.jpg in Resources */,
				9E719F9A1D40810000489E37 /* white_chocolate_donut.jpg in Resources */,
				9E719F681D3C678A00489E37 /* Assets.xcassets in Resources */,
				9E719F981D40810000489E37 /* thai_shrimp_cake.jpg in Resources */,
				9E719F961D40810000489E37 /* photo-frame.png in Resources */,
				9E719F921D40810000489E37 /* instant_noodle_with_egg.jpg in Resources */,
				9E719F911D40810000489E37 /* hamburger.jpg in Resources */,
				9E719F951D40810000489E37 /* noodle_with_bbq_pork.jpg in Resources */,
				9E719F971D40810000489E37 /* starbucks_coffee.jpg in Resources */,
				9E719F991D40810000489E37 /* vegetable_curry.jpg in Resources */,
				9E719F8A1D40810000489E37 /* angry_birds_cake.jpg in Resources */,
				9E719F631D3C678A00489E37 /* Main.storyboard in Resources */,
				9E719F8F1D40810000489E37 /* ham_and_cheese_panini.jpg in Resources */,
				9E719F8E1D40810000489E37 /* green_tea.jpg in Resources */,
				9E719F941D40810000489E37 /* mushroom_risotto.jpg in Resources */,
				9E719F8C1D40810000489E37 /* egg_benedict.jpg in Resources */,
				9E719F901D40810000489E37 /* ham_and_egg_sandwich.jpg in Resources */,
				9E719F931D40810000489E37 /* japanese_noodle_with_pork.jpg in Resources */,
			);
			runOnlyForDeploymentPostprocessing = 0;
		};
/* End PBXResourcesBuildPhase section */

/* Begin PBXSourcesBuildPhase section */
		9E719F511D3C678900489E37 /* Sources */ = {
			isa = PBXSourcesBuildPhase;
			buildActionMask = 2147483647;
			files = (
				9E719F601D3C678A00489E37 /* ViewController.m in Sources */,
				9E719F5D1D3C678A00489E37 /* AppDelegate.m in Sources */,
				9E719F781D407E9A00489E37 /* SearchViewController.m in Sources */,
				9E719F661D3C678A00489E37 /* GoScanner.xcdatamodeld in Sources */,
				9E719F5A1D3C678A00489E37 /* main.m in Sources */,
			);
			runOnlyForDeploymentPostprocessing = 0;
		};
/* End PBXSourcesBuildPhase section */

/* Begin PBXVariantGroup section */
		9E719F611D3C678A00489E37 /* Main.storyboard */ = {
			isa = PBXVariantGroup;
			children = (
				9E719F621D3C678A00489E37 /* Base */,
			);
			name = Main.storyboard;
			sourceTree = "<group>";
		};
		9E719F691D3C678A00489E37 /* LaunchScreen.storyboard */ = {
			isa = PBXVariantGroup;
			children = (
				9E719F6A1D3C678A00489E37 /* Base */,
			);
			name = LaunchScreen.storyboard;
			sourceTree = "<group>";
		};
/* End PBXVariantGroup section */

/* Begin XCBuildConfiguration section */
		9E719F6D1D3C678A00489E37 /* Debug */ = {
			isa = XCBuildConfiguration;
			buildSettings = {
				ALWAYS_SEARCH_USER_PATHS = NO;
				CLANG_ANALYZER_NONNULL = YES;
				CLANG_CXX_LANGUAGE_STANDARD = "gnu++0x";
				CLANG_CXX_LIBRARY = "libc++";
				CLANG_ENABLE_MODULES = YES;
				CLANG_ENABLE_OBJC_ARC = YES;
				CLANG_WARN_BOOL_CONVERSION = YES;
				CLANG_WARN_CONSTANT_CONVERSION = YES;
				CLANG_WARN_DIRECT_OBJC_ISA_USAGE = YES_ERROR;
				CLANG_WARN_EMPTY_BODY = YES;
				CLANG_WARN_ENUM_CONVERSION = YES;
				CLANG_WARN_INT_CONVERSION = YES;
				CLANG_WARN_OBJC_ROOT_CLASS = YES_ERROR;
				CLANG_WARN_UNREACHABLE_CODE = YES;
				CLANG_WARN__DUPLICATE_METHOD_MATCH = YES;
				"CODE_SIGN_IDENTITY[sdk=iphoneos*]" = "iPhone Developer";
				COPY_PHASE_STRIP = NO;
				DEBUG_INFORMATION_FORMAT = dwarf;
				ENABLE_STRICT_OBJC_MSGSEND = YES;
				ENABLE_TESTABILITY = YES;
				GCC_C_LANGUAGE_STANDARD = gnu99;
				GCC_DYNAMIC_NO_PIC = NO;
				GCC_NO_COMMON_BLOCKS = YES;
				GCC_OPTIMIZATION_LEVEL = 0;
				GCC_PREPROCESSOR_DEFINITIONS = (
					"DEBUG=1",
					"$(inherited)",
				);
				GCC_WARN_64_TO_32_BIT_CONVERSION = YES;
				GCC_WARN_ABOUT_RETURN_TYPE = YES_ERROR;
				GCC_WARN_UNDECLARED_SELECTOR = YES;
				GCC_WARN_UNINITIALIZED_AUTOS = YES_AGGRESSIVE;
				GCC_WARN_UNUSED_FUNCTION = YES;
				GCC_WARN_UNUSED_VARIABLE = YES;
				IPHONEOS_DEPLOYMENT_TARGET = 9.3;
				MTL_ENABLE_DEBUG_INFO = YES;
				ONLY_ACTIVE_ARCH = YES;
				SDKROOT = iphoneos;
			};
			name = Debug;
		};
		9E719F6E1D3C678A00489E37 /* Release */ = {
			isa = XCBuildConfiguration;
			buildSettings = {
				ALWAYS_SEARCH_USER_PATHS = NO;
				CLANG_ANALYZER_NONNULL = YES;
				CLANG_CXX_LANGUAGE_STANDARD = "gnu++0x";
				CLANG_CXX_LIBRARY = "libc++";
				CLANG_ENABLE_MODULES = YES;
				CLANG_ENABLE_OBJC_ARC = YES;
				CLANG_WARN_BOOL_CONVERSION = YES;
				CLANG_WARN_CONSTANT_CONVERSION = YES;
				CLANG_WARN_DIRECT_OBJC_ISA_USAGE = YES_ERROR;
				CLANG_WARN_EMPTY_BODY = YES;
				CLANG_WARN_ENUM_CONVERSION = YES;
				CLANG_WARN_INT_CONVERSION = YES;
				CLANG_WARN_OBJC_ROOT_CLASS = YES_ERROR;
				CLANG_WARN_UNREACHABLE_CODE = YES;
				CLANG_WARN__DUPLICATE_METHOD_MATCH = YES;
				"CODE_SIGN_IDENTITY[sdk=iphoneos*]" = "iPhone Developer";
				COPY_PHASE_STRIP = NO;
				DEBUG_INFORMATION_FORMAT = "dwarf-with-dsym";
				ENABLE_NS_ASSERTIONS = NO;
				ENABLE_STRICT_OBJC_MSGSEND = YES;
				GCC_C_LANGUAGE_STANDARD = gnu99;
				GCC_NO_COMMON_BLOCKS = YES;
				GCC_WARN_64_TO_32_BIT_CONVERSION = YES;
				GCC_WARN_ABOUT_RETURN_TYPE = YES_ERROR;
				GCC_WARN_UNDECLARED_SELECTOR = YES;
				GCC_WARN_UNINITIALIZED_AUTOS = YES_AGGRESSIVE;
				GCC_WARN_UNUSED_FUNCTION = YES;
				GCC_WARN_UNUSED_VARIABLE = YES;
				IPHONEOS_DEPLOYMENT_TARGET = 9.3;
				MTL_ENABLE_DEBUG_INFO = NO;
				SDKROOT = iphoneos;
				VALIDATE_PRODUCT = YES;
			};
			name = Release;
		};
		9E719F701D3C678A00489E37 /* Debug */ = {
			isa = XCBuildConfiguration;
			buildSettings = {
				ASSETCATALOG_COMPILER_APPICON_NAME = AppIcon;
				CODE_SIGN_IDENTITY = "iPhone Developer";
				"CODE_SIGN_IDENTITY[sdk=iphoneos*]" = "iPhone Developer";
				INFOPLIST_FILE = GoScanner/Info.plist;
				LD_RUNPATH_SEARCH_PATHS = "$(inherited) @executable_path/Frameworks";
				PRODUCT_BUNDLE_IDENTIFIER = Gargium.GoScanner;
				PRODUCT_NAME = "$(TARGET_NAME)";
				PROVISIONING_PROFILE = "";
			};
			name = Debug;
		};
		9E719F711D3C678A00489E37 /* Release */ = {
			isa = XCBuildConfiguration;
			buildSettings = {
				ASSETCATALOG_COMPILER_APPICON_NAME = AppIcon;
				CODE_SIGN_IDENTITY = "iPhone Developer";
				"CODE_SIGN_IDENTITY[sdk=iphoneos*]" = "iPhone Developer";
				INFOPLIST_FILE = GoScanner/Info.plist;
				LD_RUNPATH_SEARCH_PATHS = "$(inherited) @executable_path/Frameworks";
				PRODUCT_BUNDLE_IDENTIFIER = Gargium.GoScanner;
				PRODUCT_NAME = "$(TARGET_NAME)";
				PROVISIONING_PROFILE = "";
			};
			name = Release;
		};
/* End XCBuildConfiguration section */

/* Begin XCConfigurationList section */
		9E719F501D3C678900489E37 /* Build configuration list for PBXProject "GoScanner" */ = {
			isa = XCConfigurationList;
			buildConfigurations = (
				9E719F6D1D3C678A00489E37 /* Debug */,
				9E719F6E1D3C678A00489E37 /* Release */,
			);
			defaultConfigurationIsVisible = 0;
			defaultConfigurationName = Release;
		};
		9E719F6F1D3C678A00489E37 /* Build configuration list for PBXNativeTarget "GoScanner" */ = {
			isa = XCConfigurationList;
			buildConfigurations = (
				9E719F701D3C678A00489E37 /* Debug */,
				9E719F711D3C678A00489E37 /* Release */,
			);
			defaultConfigurationIsVisible = 0;
			defaultConfigurationName = Release;
		};
/* End XCConfigurationList section */

/* Begin XCVersionGroup section */
		9E719F641D3C678A00489E37 /* GoScanner.xcdatamodeld */ = {
			isa = XCVersionGroup;
			children = (
				9E719F651D3C678A00489E37 /* GoScanner.xcdatamodel */,
			);
			currentVersion = 9E719F651D3C678A00489E37 /* GoScanner.xcdatamodel */;
			path = GoScanner.xcdatamodeld;
			sourceTree = "<group>";
			versionGroupType = wrapper.xcdatamodel;
		};
/* End XCVersionGroup section */
	};
	rootObject = 9E719F4D1D3C678900489E37 /* Project object */;
}
